
Microsoft Visual Studio Solution File, Format Version 12.00
# Visual Studio Version 17
VisualStudioVersion = 17.13.35931.197 d17.13
MinimumVisualStudioVersion = 10.0.40219.1
Project("{FAE04EC0-301F-11D3-BF4B-00C04F79EFBC}") = "WinFormsApp_budget", "WinFormsApp_budget\WinFormsApp_budget.csproj", "{11B15FE9-40B5-42A6-A1DD-20B1747536CF}"
EndProject
Global
	GlobalSection(SolutionConfigurationPlatforms) = preSolution
		Debug|Any CPU = Debug|Any CPU
		Release|Any CPU = Release|Any CPU
	EndGlobalSection
	GlobalSection(ProjectConfigurationPlatforms) = postSolution
		{11B15FE9-40B5-42A6-A1DD-20B1747536CF}.Debug|Any CPU.ActiveCfg = Debug|Any CPU
		{11B15FE9-40B5-42A6-A1DD-20B1747536CF}.Debug|Any CPU.Build.0 = Debug|Any CPU
		{11B15FE9-40B5-42A6-A1DD-20B1747536CF}.Release|Any CPU.ActiveCfg = Release|Any CPU
		{11B15FE9-40B5-42A6-A1DD-20B1747536CF}.Release|Any CPU.Build.0 = Release|Any CPU
	EndGlobalSection
	GlobalSection(SolutionProperties) = preSolution
		HideSolutionNode = FALSE
	EndGlobalSection
	GlobalSection(ExtensibilityGlobals) = postSolution
		SolutionGuid = {9D46DF5D-01D4-4A23-84D8-445C1E021428}
	EndGlobalSection
EndGlobal
